<?xml version="1.0" encoding="utf-8"?>
<Project ToolsVersion="4.0" xmlns="http://schemas.microsoft.com/developer/msbuild/2003">
  <ItemGroup>
    <Filter Include="Legio">
      <UniqueIdentifier>{D56C970D-4181-BFBE-0A03-631E76D6BBEF}</UniqueIdentifier>
    </Filter>
  </ItemGroup>
  <ItemGroup>
    <ClInclude Include="src\Legio.h" />
    <ClInclude Include="src\Legio\Application.h">
      <Filter>Legio</Filter>
    </ClInclude>
    <ClInclude Include="src\Legio\EntryPoint.h">
      <Filter>Legio</Filter>
    </ClInclude>
    <ClInclude Include="src\Legio\LGCore.h">
      <Filter>Legio</Filter>
    </ClInclude>
    <ClInclude Include="src\Legio\Log.h">
      <Filter>Legio</Filter>
    </ClInclude>
  </ItemGroup>
  <ItemGroup>
    <ClCompile Include="src\Legio\Application.cpp">
      <Filter>Legio</Filter>
    </ClCompile>
    <ClCompile Include="src\Legio\Log.cpp">
      <Filter>Legio</Filter>
    </ClCompile>
  </ItemGroup>
</Project>